
Microsoft Visual Studio Solution File, Format Version 12.00
# Visual Studio Version 17
VisualStudioVersion = 17.0.31903.59
MinimumVisualStudioVersion = 10.0.40219.1
Project("{E24C65DC-7377-472B-9ABA-BC803B73C61A}") = "robocode", ".", "{1D6F0AD4-786D-4155-B86E-A3A163446CE6}"
	ProjectSection(WebsiteProperties) = preProject
		TargetFrameworkMoniker = ".NETFramework,Version%3Dv4.7.2"
		Debug.AspNetCompiler.VirtualPath = "/localhost_65163"
		Debug.AspNetCompiler.PhysicalPath = "..\robocode\"
		Debug.AspNetCompiler.TargetPath = "PrecompiledWeb\localhost_65163\"
		Debug.AspNetCompiler.Updateable = "true"
		Debug.AspNetCompiler.ForceOverwrite = "true"
		Debug.AspNetCompiler.FixedNames = "false"
		Debug.AspNetCompiler.Debug = "True"
		Release.AspNetCompiler.VirtualPath = "/localhost_65163"
		Release.AspNetCompiler.PhysicalPath = "..\robocode\"
		Release.AspNetCompiler.TargetPath = "PrecompiledWeb\localhost_65163\"
		Release.AspNetCompiler.Updateable = "true"
		Release.AspNetCompiler.ForceOverwrite = "true"
		Release.AspNetCompiler.FixedNames = "false"
		Release.AspNetCompiler.Debug = "False"
		VWDPort = "65163"
		SlnRelativePath = "..\robocode\"
		DefaultWebSiteLanguage = "Visual C#"
	EndProjectSection
EndProject
Global
	GlobalSection(SolutionConfigurationPlatforms) = preSolution
		Debug|Any CPU = Debug|Any CPU
	EndGlobalSection
	GlobalSection(ProjectConfigurationPlatforms) = postSolution
		{1D6F0AD4-786D-4155-B86E-A3A163446CE6}.Debug|Any CPU.ActiveCfg = Debug|Any CPU
		{1D6F0AD4-786D-4155-B86E-A3A163446CE6}.Debug|Any CPU.Build.0 = Debug|Any CPU
	EndGlobalSection
	GlobalSection(SolutionProperties) = preSolution
		HideSolutionNode = FALSE
	EndGlobalSection
	GlobalSection(ExtensibilityGlobals) = postSolution
		SolutionGuid = {8A30E3AD-B5E0-4C0E-9109-AE6A0629BFE2}
	EndGlobalSection
EndGlobal
